// !$*UTF8*$!
{
	archiveVersion = 1;
	classes = {
	};
	objectVersion = 55;
	objects = {

/* Begin PBXBuildFile section */
		6E4A7EB6287C6B1B002CCA54 /* AppDelegate.swift in Sources */ = {isa = PBXBuildFile; fileRef = 6E4A7EB5287C6B1B002CCA54 /* AppDelegate.swift */; };
		6E4A7EB8287C6B1B002CCA54 /* SceneDelegate.swift in Sources */ = {isa = PBXBuildFile; fileRef = 6E4A7EB7287C6B1B002CCA54 /* SceneDelegate.swift */; };
		6E4A7EBA287C6B1B002CCA54 /* MainViewController.swift in Sources */ = {isa = PBXBuildFile; fileRef = 6E4A7EB9287C6B1B002CCA54 /* MainViewController.swift */; };
		6E4A7EC0287C6B1B002CCA54 /* Core_Data_Lesson_13.xcdatamodeld in Sources */ = {isa = PBXBuildFile; fileRef = 6E4A7EBE287C6B1B002CCA54 /* Core_Data_Lesson_13.xcdatamodeld */; };
		6E4A7EC2287C6B1D002CCA54 /* Assets.xcassets in Resources */ = {isa = PBXBuildFile; fileRef = 6E4A7EC1287C6B1D002CCA54 /* Assets.xcassets */; };
		6E4A7EC5287C6B1D002CCA54 /* LaunchScreen.storyboard in Resources */ = {isa = PBXBuildFile; fileRef = 6E4A7EC3287C6B1D002CCA54 /* LaunchScreen.storyboard */; };
/* End PBXBuildFile section */

/* Begin PBXFileReference section */
		6E4A7EB2287C6B1B002CCA54 /* Core Data Lesson 13.app */ = {isa = PBXFileReference; explicitFileType = wrapper.application; includeInIndex = 0; path = "Core Data Lesson 13.app"; sourceTree = BUILT_PRODUCTS_DIR; };
		6E4A7EB5287C6B1B002CCA54 /* AppDelegate.swift */ = {isa = PBXFileReference; lastKnownFileType = sourcecode.swift; path = AppDelegate.swift; sourceTree = "<group>"; };
		6E4A7EB7287C6B1B002CCA54 /* SceneDelegate.swift */ = {isa = PBXFileReference; lastKnownFileType = sourcecode.swift; path = SceneDelegate.swift; sourceTree = "<group>"; };
		6E4A7EB9287C6B1B002CCA54 /* MainViewController.swift */ = {isa = PBXFileReference; lastKnownFileType = sourcecode.swift; path = MainViewController.swift; sourceTree = "<group>"; };
		6E4A7EBF287C6B1B002CCA54 /* Core_Data_Lesson_13.xcdatamodel */ = {isa = PBXFileReference; lastKnownFileType = wrapper.xcdatamodel; path = Core_Data_Lesson_13.xcdatamodel; sourceTree = "<group>"; };
		6E4A7EC1287C6B1D002CCA54 /* Assets.xcassets */ = {isa = PBXFileReference; lastKnownFileType = folder.assetcatalog; path = Assets.xcassets; sourceTree = "<group>"; };
		6E4A7EC4287C6B1D002CCA54 /* Base */ = {isa = PBXFileReference; lastKnownFileType = file.storyboard; name = Base; path = Base.lproj/LaunchScreen.storyboard; sourceTree = "<group>"; };
		6E4A7EC6287C6B1D002CCA54 /* Info.plist */ = {isa = PBXFileReference; lastKnownFileType = text.plist.xml; path = Info.plist; sourceTree = "<group>"; };
/* End PBXFileReference section */

/* Begin PBXFrameworksBuildPhase section */
		6E4A7EAF287C6B1B002CCA54 /* Frameworks */ = {
			isa = PBXFrameworksBuildPhase;
			buildActionMask = 2147483647;
			files = (
			);
			runOnlyForDeploymentPostprocessing = 0;
		};
/* End PBXFrameworksBuildPhase section */

/* Begin PBXGroup section */
		6E4A7EA9287C6B1B002CCA54 = {
			isa = PBXGroup;
			children = (
				6E4A7EB4287C6B1B002CCA54 /* Core Data Lesson 13 */,
				6E4A7EB3287C6B1B002CCA54 /* Products */,
			);
			sourceTree = "<group>";
		};
		6E4A7EB3287C6B1B002CCA54 /* Products */ = {
			isa = PBXGroup;
			children = (
				6E4A7EB2287C6B1B002CCA54 /* Core Data Lesson 13.app */,
			);
			name = Products;
			sourceTree = "<group>";
		};
		6E4A7EB4287C6B1B002CCA54 /* Core Data Lesson 13 */ = {
			isa = PBXGroup;
			children = (
				6E4A7EB5287C6B1B002CCA54 /* AppDelegate.swift */,
				6E4A7EB7287C6B1B002CCA54 /* SceneDelegate.swift */,
				6E4A7EB9287C6B1B002CCA54 /* MainViewController.swift */,
				6E4A7EC1287C6B1D002CCA54 /* Assets.xcassets */,
				6E4A7EC3287C6B1D002CCA54 /* LaunchScreen.storyboard */,
				6E4A7EC6287C6B1D002CCA54 /* Info.plist */,
				6E4A7EBE287C6B1B002CCA54 /* Core_Data_Lesson_13.xcdatamodeld */,
			);
			path = "Core Data Lesson 13";
			sourceTree = "<group>";
		};
/* End PBXGroup section */

/* Begin PBXNativeTarget section */
		6E4A7EB1287C6B1B002CCA54 /* Core Data Lesson 13 */ = {
			isa = PBXNativeTarget;
			buildConfigurationList = 6E4A7EC9287C6B1D002CCA54 /* Build configuration list for PBXNativeTarget "Core Data Lesson 13" */;
			buildPhases = (
				6E4A7EAE287C6B1B002CCA54 /* Sources */,
				6E4A7EAF287C6B1B002CCA54 /* Frameworks */,
				6E4A7EB0287C6B1B002CCA54 /* Resources */,
			);
			buildRules = (
			);
			dependencies = (
			);
			name = "Core Data Lesson 13";
			productName = "Core Data Lesson 13";
			productReference = 6E4A7EB2287C6B1B002CCA54 /* Core Data Lesson 13.app */;
			productType = "com.apple.product-type.application";
		};
/* End PBXNativeTarget section */

/* Begin PBXProject section */
		6E4A7EAA287C6B1B002CCA54 /* Project object */ = {
			isa = PBXProject;
			attributes = {
				BuildIndependentTargetsInParallel = 1;
				LastSwiftUpdateCheck = 1330;
				LastUpgradeCheck = 1330;
				TargetAttributes = {
					6E4A7EB1287C6B1B002CCA54 = {
						CreatedOnToolsVersion = 13.3;
					};
				};
			};
			buildConfigurationList = 6E4A7EAD287C6B1B002CCA54 /* Build configuration list for PBXProject "Core Data Lesson 13" */;
			compatibilityVersion = "Xcode 13.0";
			developmentRegion = en;
			hasScannedForEncodings = 0;
			knownRegions = (
				en,
				Base,
			);
			mainGroup = 6E4A7EA9287C6B1B002CCA54;
			productRefGroup = 6E4A7EB3287C6B1B002CCA54 /* Products */;
			projectDirPath = "";
			projectRoot = "";
			targets = (
				6E4A7EB1287C6B1B002CCA54 /* Core Data Lesson 13 */,
			);
		};
/* End PBXProject section */

/* Begin PBXResourcesBuildPhase section */
		6E4A7EB0287C6B1B002CCA54 /* Resources */ = {
			isa = PBXResourcesBuildPhase;
			buildActionMask = 2147483647;
			files = (
				6E4A7EC5287C6B1D002CCA54 /* LaunchScreen.storyboard in Resources */,
				6E4A7EC2287C6B1D002CCA54 /* Assets.xcassets in Resources */,
			);
			runOnlyForDeploymentPostprocessing = 0;
		};
/* End PBXResourcesBuildPhase section */

/* Begin PBXSourcesBuildPhase section */
		6E4A7EAE287C6B1B002CCA54 /* Sources */ = {
			isa = PBXSourcesBuildPhase;
			buildActionMask = 2147483647;
			files = (
				6E4A7EC0287C6B1B002CCA54 /* Core_Data_Lesson_13.xcdatamodeld in Sources */,
				6E4A7EBA287C6B1B002CCA54 /* MainViewController.swift in Sources */,
				6E4A7EB6287C6B1B002CCA54 /* AppDelegate.swift in Sources */,
				6E4A7EB8287C6B1B002CCA54 /* SceneDelegate.swift in Sources */,
			);
			runOnlyForDeploymentPostprocessing = 0;
		};
/* End PBXSourcesBuildPhase section */

/* Begin PBXVariantGroup section */
		6E4A7EC3287C6B1D002CCA54 /* LaunchScreen.storyboard */ = {
			isa = PBXVariantGroup;
			children = (
				6E4A7EC4287C6B1D002CCA54 /* Base */,
			);
			name = LaunchScreen.storyboard;
			sourceTree = "<group>";
		};
/* End PBXVariantGroup section */

/* Begin XCBuildConfiguration section */
		6E4A7EC7287C6B1D002CCA54 /* Debug */ = {
			isa = XCBuildConfiguration;
			buildSettings = {
				ALWAYS_SEARCH_USER_PATHS = NO;
				CLANG_ANALYZER_NONNULL = YES;
				CLANG_ANALYZER_NUMBER_OBJECT_CONVERSION = YES_AGGRESSIVE;
				CLANG_CXX_LANGUAGE_STANDARD = "gnu++17";
				CLANG_ENABLE_MODULES = YES;
				CLANG_ENABLE_OBJC_ARC = YES;
				CLANG_ENABLE_OBJC_WEAK = YES;
				CLANG_WARN_BLOCK_CAPTURE_AUTORELEASING = YES;
				CLANG_WARN_BOOL_CONVERSION = YES;
				CLANG_WARN_COMMA = YES;
				CLANG_WARN_CONSTANT_CONVERSION = YES;
				CLANG_WARN_DEPRECATED_OBJC_IMPLEMENTATIONS = YES;
				CLANG_WARN_DIRECT_OBJC_ISA_USAGE = YES_ERROR;
				CLANG_WARN_DOCUMENTATION_COMMENTS = YES;
				CLANG_WARN_EMPTY_BODY = YES;
				CLANG_WARN_ENUM_CONVERSION = YES;
				CLANG_WARN_INFINITE_RECURSION = YES;
				CLANG_WARN_INT_CONVERSION = YES;
				CLANG_WARN_NON_LITERAL_NULL_CONVERSION = YES;
				CLANG_WARN_OBJC_IMPLICIT_RETAIN_SELF = YES;
				CLANG_WARN_OBJC_LITERAL_CONVERSION = YES;
				CLANG_WARN_OBJC_ROOT_CLASS = YES_ERROR;
				CLANG_WARN_QUOTED_INCLUDE_IN_FRAMEWORK_HEADER = YES;
				CLANG_WARN_RANGE_LOOP_ANALYSIS = YES;
				CLANG_WARN_STRICT_PROTOTYPES = YES;
				CLANG_WARN_SUSPICIOUS_MOVE = YES;
				CLANG_WARN_UNGUARDED_AVAILABILITY = YES_AGGRESSIVE;
				CLANG_WARN_UNREACHABLE_CODE = YES;
				CLANG_WARN__DUPLICATE_METHOD_MATCH = YES;
				COPY_PHASE_STRIP = NO;
				DEBUG_INFORMATION_FORMAT = dwarf;
				ENABLE_STRICT_OBJC_MSGSEND = YES;
				ENABLE_TESTABILITY = YES;
				GCC_C_LANGUAGE_STANDARD = gnu11;
				GCC_DYNAMIC_NO_PIC = NO;
				GCC_NO_COMMON_BLOCKS = YES;
				GCC_OPTIMIZATION_LEVEL = 0;
				GCC_PREPROCESSOR_DEFINITIONS = (
					"DEBUG=1",
					"$(inherited)",
				);
				GCC_WARN_64_TO_32_BIT_CONVERSION = YES;
				GCC_WARN_ABOUT_RETURN_TYPE = YES_ERROR;
				GCC_WARN_UNDECLARED_SELECTOR = YES;
				GCC_WARN_UNINITIALIZED_AUTOS = YES_AGGRESSIVE;
				GCC_WARN_UNUSED_FUNCTION = YES;
				GCC_WARN_UNUSED_VARIABLE = YES;
				IPHONEOS_DEPLOYMENT_TARGET = 15.4;
				MTL_ENABLE_DEBUG_INFO = INCLUDE_SOURCE;
				MTL_FAST_MATH = YES;
				ONLY_ACTIVE_ARCH = YES;
				SDKROOT = iphoneos;
				SWIFT_ACTIVE_COMPILATION_CONDITIONS = DEBUG;
				SWIFT_OPTIMIZATION_LEVEL = "-Onone";
			};
			name = Debug;
		};
		6E4A7EC8287C6B1D002CCA54 /* Release */ = {
			isa = XCBuildConfiguration;
			buildSettings = {
				ALWAYS_SEARCH_USER_PATHS = NO;
				CLANG_ANALYZER_NONNULL = YES;
				CLANG_ANALYZER_NUMBER_OBJECT_CONVERSION = YES_AGGRESSIVE;
				CLANG_CXX_LANGUAGE_STANDARD = "gnu++17";
				CLANG_ENABLE_MODULES = YES;
				CLANG_ENABLE_OBJC_ARC = YES;
				CLANG_ENABLE_OBJC_WEAK = YES;
				CLANG_WARN_BLOCK_CAPTURE_AUTORELEASING = YES;
				CLANG_WARN_BOOL_CONVERSION = YES;
				CLANG_WARN_COMMA = YES;
				CLANG_WARN_CONSTANT_CONVERSION = YES;
				CLANG_WARN_DEPRECATED_OBJC_IMPLEMENTATIONS = YES;
				CLANG_WARN_DIRECT_OBJC_ISA_USAGE = YES_ERROR;
				CLANG_WARN_DOCUMENTATION_COMMENTS = YES;
				CLANG_WARN_EMPTY_BODY = YES;
				CLANG_WARN_ENUM_CONVERSION = YES;
				CLANG_WARN_INFINITE_RECURSION = YES;
				CLANG_WARN_INT_CONVERSION = YES;
				CLANG_WARN_NON_LITERAL_NULL_CONVERSION = YES;
				CLANG_WARN_OBJC_IMPLICIT_RETAIN_SELF = YES;
				CLANG_WARN_OBJC_LITERAL_CONVERSION = YES;
				CLANG_WARN_OBJC_ROOT_CLASS = YES_ERROR;
				CLANG_WARN_QUOTED_INCLUDE_IN_FRAMEWORK_HEADER = YES;
				CLANG_WARN_RANGE_LOOP_ANALYSIS = YES;
				CLANG_WARN_STRICT_PROTOTYPES = YES;
				CLANG_WARN_SUSPICIOUS_MOVE = YES;
				CLANG_WARN_UNGUARDED_AVAILABILITY = YES_AGGRESSIVE;
				CLANG_WARN_UNREACHABLE_CODE = YES;
				CLANG_WARN__DUPLICATE_METHOD_MATCH = YES;
				COPY_PHASE_STRIP = NO;
				DEBUG_INFORMATION_FORMAT = "dwarf-with-dsym";
				ENABLE_NS_ASSERTIONS = NO;
				ENABLE_STRICT_OBJC_MSGSEND = YES;
				GCC_C_LANGUAGE_STANDARD = gnu11;
				GCC_NO_COMMON_BLOCKS = YES;
				GCC_WARN_64_TO_32_BIT_CONVERSION = YES;
				GCC_WARN_ABOUT_RETURN_TYPE = YES_ERROR;
				GCC_WARN_UNDECLARED_SELECTOR = YES;
				GCC_WARN_UNINITIALIZED_AUTOS = YES_AGGRESSIVE;
				GCC_WARN_UNUSED_FUNCTION = YES;
				GCC_WARN_UNUSED_VARIABLE = YES;
				IPHONEOS_DEPLOYMENT_TARGET = 15.4;
				MTL_ENABLE_DEBUG_INFO = NO;
				MTL_FAST_MATH = YES;
				SDKROOT = iphoneos;
				SWIFT_COMPILATION_MODE = wholemodule;
				SWIFT_OPTIMIZATION_LEVEL = "-O";
				VALIDATE_PRODUCT = YES;
			};
			name = Release;
		};
		6E4A7ECA287C6B1D002CCA54 /* Debug */ = {
			isa = XCBuildConfiguration;
			buildSettings = {
				ASSETCATALOG_COMPILER_APPICON_NAME = AppIcon;
				ASSETCATALOG_COMPILER_GLOBAL_ACCENT_COLOR_NAME = AccentColor;
				CODE_SIGN_STYLE = Automatic;
				CURRENT_PROJECT_VERSION = 1;
				DEVELOPMENT_TEAM = SJGMLHNU79;
				GENERATE_INFOPLIST_FILE = YES;
				INFOPLIST_FILE = "Core Data Lesson 13/Info.plist";
				INFOPLIST_KEY_UIApplicationSupportsIndirectInputEvents = YES;
				INFOPLIST_KEY_UILaunchStoryboardName = LaunchScreen;
				INFOPLIST_KEY_UISupportedInterfaceOrientations_iPad = "UIInterfaceOrientationPortrait UIInterfaceOrientationPortraitUpsideDown UIInterfaceOrientationLandscapeLeft UIInterfaceOrientationLandscapeRight";
				INFOPLIST_KEY_UISupportedInterfaceOrientations_iPhone = "UIInterfaceOrientationPortrait UIInterfaceOrientationLandscapeLeft UIInterfaceOrientationLandscapeRight";
				LD_RUNPATH_SEARCH_PATHS = (
					"$(inherited)",
					"@executable_path/Frameworks",
				);
				MARKETING_VERSION = 1.0;
				PRODUCT_BUNDLE_IDENTIFIER = "PIY.Core-Data-Lesson-13";
				PRODUCT_NAME = "$(TARGET_NAME)";
				SWIFT_EMIT_LOC_STRINGS = YES;
				SWIFT_VERSION = 5.0;
				TARGETED_DEVICE_FAMILY = "1,2";
			};
			name = Debug;
		};
		6E4A7ECB287C6B1D002CCA54 /* Release */ = {
			isa = XCBuildConfiguration;
			buildSettings = {
				ASSETCATALOG_COMPILER_APPICON_NAME = AppIcon;
				ASSETCATALOG_COMPILER_GLOBAL_ACCENT_COLOR_NAME = AccentColor;
				CODE_SIGN_STYLE = Automatic;
				CURRENT_PROJECT_VERSION = 1;
				DEVELOPMENT_TEAM = SJGMLHNU79;
				GENERATE_INFOPLIST_FILE = YES;
				INFOPLIST_FILE = "Core Data Lesson 13/Info.plist";
				INFOPLIST_KEY_UIApplicationSupportsIndirectInputEvents = YES;
				INFOPLIST_KEY_UILaunchStoryboardName = LaunchScreen;
				INFOPLIST_KEY_UISupportedInterfaceOrientations_iPad = "UIInterfaceOrientationPortrait UIInterfaceOrientationPortraitUpsideDown UIInterfaceOrientationLandscapeLeft UIInterfaceOrientationLandscapeRight";
				INFOPLIST_KEY_UISupportedInterfaceOrientations_iPhone = "UIInterfaceOrientationPortrait UIInterfaceOrientationLandscapeLeft UIInterfaceOrientationLandscapeRight";
				LD_RUNPATH_SEARCH_PATHS = (
					"$(inherited)",
					"@executable_path/Frameworks",
				);
				MARKETING_VERSION = 1.0;
				PRODUCT_BUNDLE_IDENTIFIER = "PIY.Core-Data-Lesson-13";
				PRODUCT_NAME = "$(TARGET_NAME)";
				SWIFT_EMIT_LOC_STRINGS = YES;
				SWIFT_VERSION = 5.0;
				TARGETED_DEVICE_FAMILY = "1,2";
			};
			name = Release;
		};
/* End XCBuildConfiguration section */

/* Begin XCConfigurationList section */
		6E4A7EAD287C6B1B002CCA54 /* Build configuration list for PBXProject "Core Data Lesson 13" */ = {
			isa = XCConfigurationList;
			buildConfigurations = (
				6E4A7EC7287C6B1D002CCA54 /* Debug */,
				6E4A7EC8287C6B1D002CCA54 /* Release */,
			);
			defaultConfigurationIsVisible = 0;
			defaultConfigurationName = Release;
		};
		6E4A7EC9287C6B1D002CCA54 /* Build configuration list for PBXNativeTarget "Core Data Lesson 13" */ = {
			isa = XCConfigurationList;
			buildConfigurations = (
				6E4A7ECA287C6B1D002CCA54 /* Debug */,
				6E4A7ECB287C6B1D002CCA54 /* Release */,
			);
			defaultConfigurationIsVisible = 0;
			defaultConfigurationName = Release;
		};
/* End XCConfigurationList section */

/* Begin XCVersionGroup section */
		6E4A7EBE287C6B1B002CCA54 /* Core_Data_Lesson_13.xcdatamodeld */ = {
			isa = XCVersionGroup;
			children = (
				6E4A7EBF287C6B1B002CCA54 /* Core_Data_Lesson_13.xcdatamodel */,
			);
			currentVersion = 6E4A7EBF287C6B1B002CCA54 /* Core_Data_Lesson_13.xcdatamodel */;
			path = Core_Data_Lesson_13.xcdatamodeld;
			sourceTree = "<group>";
			versionGroupType = wrapper.xcdatamodel;
		};
/* End XCVersionGroup section */
	};
	rootObject = 6E4A7EAA287C6B1B002CCA54 /* Project object */;
}
